
Microsoft Visual Studio Solution File, Format Version 11.00
# Visual Studio 2010
Project("{FAE04EC0-301F-11D3-BF4B-00C04F79EFBC}") = "LeaRun.Utilities", "LeaRun.Utilities\LeaRun.Utilities.csproj", "{7A9E54B1-D54D-4AF2-99E9-06E9BAFF4846}"
EndProject
Project("{2150E333-8FDC-42A3-9474-1A3956D46DE8}") = "01 LeaRun.Framework", "01 LeaRun.Framework", "{03D8284A-A4BD-414A-995B-EC238B2294A3}"
EndProject
Project("{2150E333-8FDC-42A3-9474-1A3956D46DE8}") = "05 LeaRun.UI", "05 LeaRun.UI", "{F39F5F4A-9C46-4CEE-8C83-C99CE98767B0}"
EndProject
Project("{2150E333-8FDC-42A3-9474-1A3956D46DE8}") = "04 LeaRun.Service", "04 LeaRun.Service", "{AF9BA993-669E-45A6-9F8B-08D47E47919E}"
EndProject
Project("{FAE04EC0-301F-11D3-BF4B-00C04F79EFBC}") = "LeaRun.Resource", "LeaRun.Resource\LeaRun.Resource.csproj", "{E734FE3A-8B12-4B44-9783-F571E590AA86}"
EndProject
Project("{FAE04EC0-301F-11D3-BF4B-00C04F79EFBC}") = "LeaRun.Cache", "LeaRun.Cache\LeaRun.Cache.csproj", "{CE495C65-356D-453A-919E-329879FDF47C}"
EndProject
Project("{2150E333-8FDC-42A3-9474-1A3956D46DE8}") = "03 LeaRun.SOA", "03 LeaRun.SOA", "{C8EA236D-EA4E-4038-8DE6-BADAB13CFA3A}"
EndProject
Project("{FAE04EC0-301F-11D3-BF4B-00C04F79EFBC}") = "LeaRun.Business", "LeaRun.Business\LeaRun.Business.csproj", "{644D58B9-1467-416C-B031-00B6F4B385D4}"
EndProject
Project("{FAE04EC0-301F-11D3-BF4B-00C04F79EFBC}") = "LeaRun.WebService", "LeaRun.WebService\LeaRun.WebService.csproj", "{2864E41D-BF54-4013-AA35-90A43F8234E0}"
EndProject
Project("{FAE04EC0-301F-11D3-BF4B-00C04F79EFBC}") = "LeaRun.Repository", "LeaRun.Repository\LeaRun.Repository.csproj", "{1848EFAD-3F70-4E52-8BD8-E952DC127F4D}"
EndProject
Project("{FAE04EC0-301F-11D3-BF4B-00C04F79EFBC}") = "LeaRun.DataAccess", "LeaRun.DataAccess\LeaRun.DataAccess.csproj", "{7D1A96CF-9B89-443F-AB95-12343F52A1AC}"
EndProject
Project("{FAE04EC0-301F-11D3-BF4B-00C04F79EFBC}") = "LeaRun.Entity", "LeaRun.Entity\LeaRun.Entity.csproj", "{FE90ED79-3221-4C96-9361-9019A17BE9F7}"
EndProject
Project("{2150E333-8FDC-42A3-9474-1A3956D46DE8}") = "02 LeaRun.DataAccess", "02 LeaRun.DataAccess", "{A0E9EAC1-4E3C-40F0-8EE2-ADA529AEF605}"
EndProject
Project("{FAE04EC0-301F-11D3-BF4B-00C04F79EFBC}") = "LeaRun.WebApp", "LeaRun.WebApp\LeaRun.WebApp.csproj", "{DCD9D380-C2E1-41B2-9761-43F40DBA1567}"
EndProject
Global
	GlobalSection(SolutionConfigurationPlatforms) = preSolution
		Debug|Any CPU = Debug|Any CPU
		Release|Any CPU = Release|Any CPU
	EndGlobalSection
	GlobalSection(ProjectConfigurationPlatforms) = postSolution
		{7A9E54B1-D54D-4AF2-99E9-06E9BAFF4846}.Debug|Any CPU.ActiveCfg = Debug|Any CPU
		{7A9E54B1-D54D-4AF2-99E9-06E9BAFF4846}.Debug|Any CPU.Build.0 = Debug|Any CPU
		{7A9E54B1-D54D-4AF2-99E9-06E9BAFF4846}.Release|Any CPU.ActiveCfg = Release|Any CPU
		{7A9E54B1-D54D-4AF2-99E9-06E9BAFF4846}.Release|Any CPU.Build.0 = Release|Any CPU
		{E734FE3A-8B12-4B44-9783-F571E590AA86}.Debug|Any CPU.ActiveCfg = Debug|Any CPU
		{E734FE3A-8B12-4B44-9783-F571E590AA86}.Debug|Any CPU.Build.0 = Debug|Any CPU
		{E734FE3A-8B12-4B44-9783-F571E590AA86}.Release|Any CPU.ActiveCfg = Release|Any CPU
		{E734FE3A-8B12-4B44-9783-F571E590AA86}.Release|Any CPU.Build.0 = Release|Any CPU
		{CE495C65-356D-453A-919E-329879FDF47C}.Debug|Any CPU.ActiveCfg = Debug|Any CPU
		{CE495C65-356D-453A-919E-329879FDF47C}.Debug|Any CPU.Build.0 = Debug|Any CPU
		{CE495C65-356D-453A-919E-329879FDF47C}.Release|Any CPU.ActiveCfg = Release|Any CPU
		{CE495C65-356D-453A-919E-329879FDF47C}.Release|Any CPU.Build.0 = Release|Any CPU
		{644D58B9-1467-416C-B031-00B6F4B385D4}.Debug|Any CPU.ActiveCfg = Debug|Any CPU
		{644D58B9-1467-416C-B031-00B6F4B385D4}.Debug|Any CPU.Build.0 = Debug|Any CPU
		{644D58B9-1467-416C-B031-00B6F4B385D4}.Release|Any CPU.ActiveCfg = Release|Any CPU
		{644D58B9-1467-416C-B031-00B6F4B385D4}.Release|Any CPU.Build.0 = Release|Any CPU
		{2864E41D-BF54-4013-AA35-90A43F8234E0}.Debug|Any CPU.ActiveCfg = Debug|Any CPU
		{2864E41D-BF54-4013-AA35-90A43F8234E0}.Debug|Any CPU.Build.0 = Debug|Any CPU
		{2864E41D-BF54-4013-AA35-90A43F8234E0}.Release|Any CPU.ActiveCfg = Release|Any CPU
		{2864E41D-BF54-4013-AA35-90A43F8234E0}.Release|Any CPU.Build.0 = Release|Any CPU
		{1848EFAD-3F70-4E52-8BD8-E952DC127F4D}.Debug|Any CPU.ActiveCfg = Debug|Any CPU
		{1848EFAD-3F70-4E52-8BD8-E952DC127F4D}.Debug|Any CPU.Build.0 = Debug|Any CPU
		{1848EFAD-3F70-4E52-8BD8-E952DC127F4D}.Release|Any CPU.ActiveCfg = Release|Any CPU
		{1848EFAD-3F70-4E52-8BD8-E952DC127F4D}.Release|Any CPU.Build.0 = Release|Any CPU
		{7D1A96CF-9B89-443F-AB95-12343F52A1AC}.Debug|Any CPU.ActiveCfg = Debug|Any CPU
		{7D1A96CF-9B89-443F-AB95-12343F52A1AC}.Debug|Any CPU.Build.0 = Debug|Any CPU
		{7D1A96CF-9B89-443F-AB95-12343F52A1AC}.Release|Any CPU.ActiveCfg = Release|Any CPU
		{7D1A96CF-9B89-443F-AB95-12343F52A1AC}.Release|Any CPU.Build.0 = Release|Any CPU
		{FE90ED79-3221-4C96-9361-9019A17BE9F7}.Debug|Any CPU.ActiveCfg = Debug|Any CPU
		{FE90ED79-3221-4C96-9361-9019A17BE9F7}.Debug|Any CPU.Build.0 = Debug|Any CPU
		{FE90ED79-3221-4C96-9361-9019A17BE9F7}.Release|Any CPU.ActiveCfg = Release|Any CPU
		{FE90ED79-3221-4C96-9361-9019A17BE9F7}.Release|Any CPU.Build.0 = Release|Any CPU
		{DCD9D380-C2E1-41B2-9761-43F40DBA1567}.Debug|Any CPU.ActiveCfg = Debug|Any CPU
		{DCD9D380-C2E1-41B2-9761-43F40DBA1567}.Debug|Any CPU.Build.0 = Debug|Any CPU
		{DCD9D380-C2E1-41B2-9761-43F40DBA1567}.Release|Any CPU.ActiveCfg = Release|Any CPU
		{DCD9D380-C2E1-41B2-9761-43F40DBA1567}.Release|Any CPU.Build.0 = Release|Any CPU
	EndGlobalSection
	GlobalSection(SolutionProperties) = preSolution
		HideSolutionNode = FALSE
	EndGlobalSection
	GlobalSection(NestedProjects) = preSolution
		{7A9E54B1-D54D-4AF2-99E9-06E9BAFF4846} = {03D8284A-A4BD-414A-995B-EC238B2294A3}
		{E734FE3A-8B12-4B44-9783-F571E590AA86} = {03D8284A-A4BD-414A-995B-EC238B2294A3}
		{CE495C65-356D-453A-919E-329879FDF47C} = {03D8284A-A4BD-414A-995B-EC238B2294A3}
		{DCD9D380-C2E1-41B2-9761-43F40DBA1567} = {F39F5F4A-9C46-4CEE-8C83-C99CE98767B0}
		{644D58B9-1467-416C-B031-00B6F4B385D4} = {AF9BA993-669E-45A6-9F8B-08D47E47919E}
		{1848EFAD-3F70-4E52-8BD8-E952DC127F4D} = {AF9BA993-669E-45A6-9F8B-08D47E47919E}
		{FE90ED79-3221-4C96-9361-9019A17BE9F7} = {AF9BA993-669E-45A6-9F8B-08D47E47919E}
		{2864E41D-BF54-4013-AA35-90A43F8234E0} = {C8EA236D-EA4E-4038-8DE6-BADAB13CFA3A}
		{7D1A96CF-9B89-443F-AB95-12343F52A1AC} = {A0E9EAC1-4E3C-40F0-8EE2-ADA529AEF605}
	EndGlobalSection
EndGlobal
